<?xml version="1.0" encoding="utf-8"?>
<Project ToolsVersion="4.0" xmlns="http://schemas.microsoft.com/developer/msbuild/2003">
  <ItemGroup>
    <Filter Include="Translation Files">
      <UniqueIdentifier>{639EADAA-A684-42e4-A9AD-28FC9BCB8F7C}</UniqueIdentifier>
      <Extensions>ts</Extensions>
    </Filter>
    <Filter Include="QT_ProjectFiles">
      <UniqueIdentifier>{99349809-55BA-4b9d-BF79-8FDBB0286EB3}</UniqueIdentifier>
      <Extensions>ui</Extensions>
    </Filter>
    <Filter Include="Source">
      <UniqueIdentifier>{4FC737F1-C7A5-4376-A066-2A32D752A2FF}</UniqueIdentifier>
      <Extensions>qml;cpp;c;cc;cxx;def;odl;idl;hpj;bat;asm;asmx</Extensions>
    </Filter>
  </ItemGroup>
  <ItemGroup>
    <QtUic Include="QFile_Explorer.ui">
      <Filter>QT_ProjectFiles</Filter>
    </QtUic>
    <ClCompile Include="QFile_Explorer.cpp">
      <Filter>Source</Filter>
    </ClCompile>
  </ItemGroup>
  <ItemGroup>
    <ClCompile Include="main.cpp">
      <Filter>Source</Filter>
    </ClCompile>
  </ItemGroup>
  <ItemGroup>
    <QtMoc Include="QFile_Explorer.h">
      <Filter>Source</Filter>
    </QtMoc>
  </ItemGroup>
  <ItemGroup>
    <ResourceCompile Include="QtWidgetsFile_Explorer.rc">
      <Filter>QT_ProjectFiles</Filter>
    </ResourceCompile>
  </ItemGroup>
  <ItemGroup>
    <None Include="QtWidgetsFile_Explorer.ico">
      <Filter>QT_ProjectFiles</Filter>
    </None>
  </ItemGroup>
  <ItemGroup>
    <QtRcc Include="QtWidgetsFile_Explorer.qrc">
      <Filter>QT_ProjectFiles</Filter>
    </QtRcc>
  </ItemGroup>
</Project>